
Microsoft Visual Studio Solution File, Format Version 12.00
# Visual Studio Version 16
VisualStudioVersion = 16.0.28729.10
MinimumVisualStudioVersion = 10.0.40219.1
Project("{FAE04EC0-301F-11D3-BF4B-00C04F79EFBC}") = "EvilBank", "EvilBank\EvilBank.csproj", "{98DDC7CF-7226-483D-A4AF-D7A4C13FE834}"
EndProject
Global
	GlobalSection(SolutionConfigurationPlatforms) = preSolution
		Debug|Any CPU = Debug|Any CPU
		Release|Any CPU = Release|Any CPU
	EndGlobalSection
	GlobalSection(ProjectConfigurationPlatforms) = postSolution
		{98DDC7CF-7226-483D-A4AF-D7A4C13FE834}.Debug|Any CPU.ActiveCfg = Debug|Any CPU
		{98DDC7CF-7226-483D-A4AF-D7A4C13FE834}.Debug|Any CPU.Build.0 = Debug|Any CPU
		{98DDC7CF-7226-483D-A4AF-D7A4C13FE834}.Release|Any CPU.ActiveCfg = Release|Any CPU
		{98DDC7CF-7226-483D-A4AF-D7A4C13FE834}.Release|Any CPU.Build.0 = Release|Any CPU
	EndGlobalSection
	GlobalSection(SolutionProperties) = preSolution
		HideSolutionNode = FALSE
	EndGlobalSection
	GlobalSection(ExtensibilityGlobals) = postSolution
		SolutionGuid = {7527FD40-C5F6-4A4B-B5EC-5A194543BB54}
	EndGlobalSection
EndGlobal
